// !$*UTF8*$!
{
	archiveVersion = 1;
	classes = {
	};
	objectVersion = 56;
	objects = {

/* Begin PBXBuildFile section */
		7E9A967F2BD2C50700469627 /* AppDelegate.swift in Sources */ = {isa = PBXBuildFile; fileRef = 7E9A967E2BD2C50700469627 /* AppDelegate.swift */; };
		7E9A96812BD2C50700469627 /* SceneDelegate.swift in Sources */ = {isa = PBXBuildFile; fileRef = 7E9A96802BD2C50700469627 /* SceneDelegate.swift */; };
		7E9A96832BD2C50700469627 /* AuthViewController.swift in Sources */ = {isa = PBXBuildFile; fileRef = 7E9A96822BD2C50700469627 /* AuthViewController.swift */; };
		7E9A96882BD2C50900469627 /* Assets.xcassets in Resources */ = {isa = PBXBuildFile; fileRef = 7E9A96872BD2C50900469627 /* Assets.xcassets */; };
		7E9A96992BD2C6FA00469627 /* Constants.swift in Sources */ = {isa = PBXBuildFile; fileRef = 7E9A96982BD2C6FA00469627 /* Constants.swift */; };
		7E9A96A02BD2C8BF00469627 /* AppCoordinator.swift in Sources */ = {isa = PBXBuildFile; fileRef = 7E9A969F2BD2C8BF00469627 /* AppCoordinator.swift */; };
		7E9A96A52BD2CD8C00469627 /* HomeViewController.swift in Sources */ = {isa = PBXBuildFile; fileRef = 7E9A96A42BD2CD8C00469627 /* HomeViewController.swift */; };
		7E9A96A72BD2CD9F00469627 /* HomeViewModel.swift in Sources */ = {isa = PBXBuildFile; fileRef = 7E9A96A62BD2CD9F00469627 /* HomeViewModel.swift */; };
		7E9A96AA2BD2CF0800469627 /* AuthViewModel.swift in Sources */ = {isa = PBXBuildFile; fileRef = 7E9A96A92BD2CF0800469627 /* AuthViewModel.swift */; };
		7E9A96AC2BD2D1AF00469627 /* Sample.swift in Sources */ = {isa = PBXBuildFile; fileRef = 7E9A96AB2BD2D1AF00469627 /* Sample.swift */; };
		7E9A96AF2BD2D9FB00469627 /* EditText.swift in Sources */ = {isa = PBXBuildFile; fileRef = 7E9A96AE2BD2D9FB00469627 /* EditText.swift */; };
		7E9A96B12BD2DA5A00469627 /* EditText.xib in Resources */ = {isa = PBXBuildFile; fileRef = 7E9A96B02BD2DA5A00469627 /* EditText.xib */; };
		7E9A96B42BD2DEAC00469627 /* TextField + ext.swift in Sources */ = {isa = PBXBuildFile; fileRef = 7E9A96B32BD2DEAC00469627 /* TextField + ext.swift */; };
		7E9A96B62BD2E01400469627 /* String + ext.swift in Sources */ = {isa = PBXBuildFile; fileRef = 7E9A96B52BD2E01400469627 /* String + ext.swift */; };
		7E9A96B82BD2E04A00469627 /* View + ext.swift in Sources */ = {isa = PBXBuildFile; fileRef = 7E9A96B72BD2E04A00469627 /* View + ext.swift */; };
		7E9A96BB2BD2F29800469627 /* LoginView.swift in Sources */ = {isa = PBXBuildFile; fileRef = 7E9A96BA2BD2F29800469627 /* LoginView.swift */; };
		7E9A96BD2BD2FA6F00469627 /* RegisterView.swift in Sources */ = {isa = PBXBuildFile; fileRef = 7E9A96BC2BD2FA6F00469627 /* RegisterView.swift */; };
		7E9A96BF2BD3038400469627 /* RadialGradientView.swift in Sources */ = {isa = PBXBuildFile; fileRef = 7E9A96BE2BD3038400469627 /* RadialGradientView.swift */; };
		7E9A96C42BD3307000469627 /* AddMemberViewController.swift in Sources */ = {isa = PBXBuildFile; fileRef = 7E9A96C32BD3307000469627 /* AddMemberViewController.swift */; };
		7E9A96C82BD330C200469627 /* AddMemberViewModel.swift in Sources */ = {isa = PBXBuildFile; fileRef = 7E9A96C72BD330C200469627 /* AddMemberViewModel.swift */; };
		7E9A96CF2BD38E5300469627 /* ImageCell.swift in Sources */ = {isa = PBXBuildFile; fileRef = 7E9A96CE2BD38E5300469627 /* ImageCell.swift */; };
		7E9A96D12BD3A48100469627 /* StackFlowLayout.swift in Sources */ = {isa = PBXBuildFile; fileRef = 7E9A96D02BD3A48100469627 /* StackFlowLayout.swift */; };
		7E9A96D62BD3BFAA00469627 /* TeamProfileViewController.swift in Sources */ = {isa = PBXBuildFile; fileRef = 7E9A96D52BD3BFA900469627 /* TeamProfileViewController.swift */; };
		7E9A96D82BD3BFCE00469627 /* TeamProfileViewModel.swift in Sources */ = {isa = PBXBuildFile; fileRef = 7E9A96D72BD3BFCE00469627 /* TeamProfileViewModel.swift */; };
		7E9A96DA2BD3F6FF00469627 /* Networking.swift in Sources */ = {isa = PBXBuildFile; fileRef = 7E9A96D92BD3F6FF00469627 /* Networking.swift */; };
		7E9A96DC2BD3F74C00469627 /* Endpoint.swift in Sources */ = {isa = PBXBuildFile; fileRef = 7E9A96DB2BD3F74C00469627 /* Endpoint.swift */; };
		7E9A96DE2BD3FC5500469627 /* Networking + Auth.swift in Sources */ = {isa = PBXBuildFile; fileRef = 7E9A96DD2BD3FC5500469627 /* Networking + Auth.swift */; };
		E00B234345492C422094F0E4 /* libPods-Hackathon2024.a in Frameworks */ = {isa = PBXBuildFile; fileRef = C5097D2DD3D862776DA71FC5 /* libPods-Hackathon2024.a */; };
/* End PBXBuildFile section */

/* Begin PBXFileReference section */
		01EF41C1BDC23BD892481FD4 /* Pods-Hackathon2024.debug.xcconfig */ = {isa = PBXFileReference; includeInIndex = 1; lastKnownFileType = text.xcconfig; name = "Pods-Hackathon2024.debug.xcconfig"; path = "Target Support Files/Pods-Hackathon2024/Pods-Hackathon2024.debug.xcconfig"; sourceTree = "<group>"; };
		7E9A967B2BD2C50700469627 /* Hackathon2024.app */ = {isa = PBXFileReference; explicitFileType = wrapper.application; includeInIndex = 0; path = Hackathon2024.app; sourceTree = BUILT_PRODUCTS_DIR; };
		7E9A967E2BD2C50700469627 /* AppDelegate.swift */ = {isa = PBXFileReference; lastKnownFileType = sourcecode.swift; path = AppDelegate.swift; sourceTree = "<group>"; };
		7E9A96802BD2C50700469627 /* SceneDelegate.swift */ = {isa = PBXFileReference; lastKnownFileType = sourcecode.swift; path = SceneDelegate.swift; sourceTree = "<group>"; };
		7E9A96822BD2C50700469627 /* AuthViewController.swift */ = {isa = PBXFileReference; lastKnownFileType = sourcecode.swift; path = AuthViewController.swift; sourceTree = "<group>"; };
		7E9A96872BD2C50900469627 /* Assets.xcassets */ = {isa = PBXFileReference; lastKnownFileType = folder.assetcatalog; path = Assets.xcassets; sourceTree = "<group>"; };
		7E9A968C2BD2C50900469627 /* Info.plist */ = {isa = PBXFileReference; lastKnownFileType = text.plist.xml; path = Info.plist; sourceTree = "<group>"; };
		7E9A96982BD2C6FA00469627 /* Constants.swift */ = {isa = PBXFileReference; lastKnownFileType = sourcecode.swift; path = Constants.swift; sourceTree = "<group>"; };
		7E9A969F2BD2C8BF00469627 /* AppCoordinator.swift */ = {isa = PBXFileReference; lastKnownFileType = sourcecode.swift; path = AppCoordinator.swift; sourceTree = "<group>"; };
		7E9A96A42BD2CD8C00469627 /* HomeViewController.swift */ = {isa = PBXFileReference; lastKnownFileType = sourcecode.swift; path = HomeViewController.swift; sourceTree = "<group>"; };
		7E9A96A62BD2CD9F00469627 /* HomeViewModel.swift */ = {isa = PBXFileReference; lastKnownFileType = sourcecode.swift; path = HomeViewModel.swift; sourceTree = "<group>"; };
		7E9A96A92BD2CF0800469627 /* AuthViewModel.swift */ = {isa = PBXFileReference; lastKnownFileType = sourcecode.swift; path = AuthViewModel.swift; sourceTree = "<group>"; };
		7E9A96AB2BD2D1AF00469627 /* Sample.swift */ = {isa = PBXFileReference; lastKnownFileType = sourcecode.swift; path = Sample.swift; sourceTree = "<group>"; };
		7E9A96AE2BD2D9FB00469627 /* EditText.swift */ = {isa = PBXFileReference; lastKnownFileType = sourcecode.swift; path = EditText.swift; sourceTree = "<group>"; };
		7E9A96B02BD2DA5A00469627 /* EditText.xib */ = {isa = PBXFileReference; fileEncoding = 4; lastKnownFileType = file.xib; path = EditText.xib; sourceTree = "<group>"; };
		7E9A96B32BD2DEAC00469627 /* TextField + ext.swift */ = {isa = PBXFileReference; lastKnownFileType = sourcecode.swift; path = "TextField + ext.swift"; sourceTree = "<group>"; };
		7E9A96B52BD2E01400469627 /* String + ext.swift */ = {isa = PBXFileReference; lastKnownFileType = sourcecode.swift; path = "String + ext.swift"; sourceTree = "<group>"; };
		7E9A96B72BD2E04A00469627 /* View + ext.swift */ = {isa = PBXFileReference; lastKnownFileType = sourcecode.swift; path = "View + ext.swift"; sourceTree = "<group>"; };
		7E9A96BA2BD2F29800469627 /* LoginView.swift */ = {isa = PBXFileReference; lastKnownFileType = sourcecode.swift; path = LoginView.swift; sourceTree = "<group>"; };
		7E9A96BC2BD2FA6F00469627 /* RegisterView.swift */ = {isa = PBXFileReference; lastKnownFileType = sourcecode.swift; path = RegisterView.swift; sourceTree = "<group>"; };
		7E9A96BE2BD3038400469627 /* RadialGradientView.swift */ = {isa = PBXFileReference; lastKnownFileType = sourcecode.swift; path = RadialGradientView.swift; sourceTree = "<group>"; };
		7E9A96C32BD3307000469627 /* AddMemberViewController.swift */ = {isa = PBXFileReference; lastKnownFileType = sourcecode.swift; path = AddMemberViewController.swift; sourceTree = "<group>"; };
		7E9A96C72BD330C200469627 /* AddMemberViewModel.swift */ = {isa = PBXFileReference; lastKnownFileType = sourcecode.swift; path = AddMemberViewModel.swift; sourceTree = "<group>"; };
		7E9A96CE2BD38E5300469627 /* ImageCell.swift */ = {isa = PBXFileReference; lastKnownFileType = sourcecode.swift; path = ImageCell.swift; sourceTree = "<group>"; };
		7E9A96D02BD3A48100469627 /* StackFlowLayout.swift */ = {isa = PBXFileReference; lastKnownFileType = sourcecode.swift; path = StackFlowLayout.swift; sourceTree = "<group>"; };
		7E9A96D52BD3BFA900469627 /* TeamProfileViewController.swift */ = {isa = PBXFileReference; lastKnownFileType = sourcecode.swift; path = TeamProfileViewController.swift; sourceTree = "<group>"; };
		7E9A96D72BD3BFCE00469627 /* TeamProfileViewModel.swift */ = {isa = PBXFileReference; lastKnownFileType = sourcecode.swift; path = TeamProfileViewModel.swift; sourceTree = "<group>"; };
		7E9A96D92BD3F6FF00469627 /* Networking.swift */ = {isa = PBXFileReference; lastKnownFileType = sourcecode.swift; path = Networking.swift; sourceTree = "<group>"; };
		7E9A96DB2BD3F74C00469627 /* Endpoint.swift */ = {isa = PBXFileReference; lastKnownFileType = sourcecode.swift; path = Endpoint.swift; sourceTree = "<group>"; };
		7E9A96DD2BD3FC5500469627 /* Networking + Auth.swift */ = {isa = PBXFileReference; lastKnownFileType = sourcecode.swift; path = "Networking + Auth.swift"; sourceTree = "<group>"; };
		AE1FCFCEBC614618CD022360 /* Pods-Hackathon2024.release.xcconfig */ = {isa = PBXFileReference; includeInIndex = 1; lastKnownFileType = text.xcconfig; name = "Pods-Hackathon2024.release.xcconfig"; path = "Target Support Files/Pods-Hackathon2024/Pods-Hackathon2024.release.xcconfig"; sourceTree = "<group>"; };
		C5097D2DD3D862776DA71FC5 /* libPods-Hackathon2024.a */ = {isa = PBXFileReference; explicitFileType = archive.ar; includeInIndex = 0; path = "libPods-Hackathon2024.a"; sourceTree = BUILT_PRODUCTS_DIR; };
/* End PBXFileReference section */

/* Begin PBXFrameworksBuildPhase section */
		7E9A96782BD2C50700469627 /* Frameworks */ = {
			isa = PBXFrameworksBuildPhase;
			buildActionMask = 2147483647;
			files = (
				E00B234345492C422094F0E4 /* libPods-Hackathon2024.a in Frameworks */,
			);
			runOnlyForDeploymentPostprocessing = 0;
		};
/* End PBXFrameworksBuildPhase section */

/* Begin PBXGroup section */
		40C0613B5680F5898C63C816 /* Frameworks */ = {
			isa = PBXGroup;
			children = (
				C5097D2DD3D862776DA71FC5 /* libPods-Hackathon2024.a */,
			);
			name = Frameworks;
			sourceTree = "<group>";
		};
		7E9A96722BD2C50700469627 = {
			isa = PBXGroup;
			children = (
				7E9A967D2BD2C50700469627 /* Hackathon2024 */,
				7E9A967C2BD2C50700469627 /* Products */,
				C91A26730477F177A36DED8A /* Pods */,
				40C0613B5680F5898C63C816 /* Frameworks */,
			);
			sourceTree = "<group>";
		};
		7E9A967C2BD2C50700469627 /* Products */ = {
			isa = PBXGroup;
			children = (
				7E9A967B2BD2C50700469627 /* Hackathon2024.app */,
			);
			name = Products;
			sourceTree = "<group>";
		};
		7E9A967D2BD2C50700469627 /* Hackathon2024 */ = {
			isa = PBXGroup;
			children = (
				7E9A96C92BD340F400469627 /* Models */,
				7E9A96B22BD2DE2000469627 /* Extensions */,
				7E9A969C2BD2C89300469627 /* Networking */,
				7E9A969B2BD2C88B00469627 /* Sevices */,
				7E9A969A2BD2C88300469627 /* Database */,
				7E9A96932BD2C6B000469627 /* Features */,
				7E9A96972BD2C6EB00469627 /* Resources */,
				7E9A96922BD2C6A600469627 /* Application */,
				7E9A96AB2BD2D1AF00469627 /* Sample.swift */,
			);
			path = Hackathon2024;
			sourceTree = "<group>";
		};
		7E9A96922BD2C6A600469627 /* Application */ = {
			isa = PBXGroup;
			children = (
				7E9A967E2BD2C50700469627 /* AppDelegate.swift */,
				7E9A96802BD2C50700469627 /* SceneDelegate.swift */,
			);
			path = Application;
			sourceTree = "<group>";
		};
		7E9A96932BD2C6B000469627 /* Features */ = {
			isa = PBXGroup;
			children = (
				7E9A96D22BD3BF8B00469627 /* TeamProfile */,
				7E9A96C22BD3306100469627 /* AddMember */,
				7E9A96AD2BD2D9EE00469627 /* Common */,
				7E9A96A12BD2CD6500469627 /* Home */,
				7E9A96962BD2C6E000469627 /* Auth */,
			);
			path = Features;
			sourceTree = "<group>";
		};
		7E9A96942BD2C6B700469627 /* View */ = {
			isa = PBXGroup;
			children = (
				7E9A96822BD2C50700469627 /* AuthViewController.swift */,
			);
			path = View;
			sourceTree = "<group>";
		};
		7E9A96952BD2C6BC00469627 /* ViewModel */ = {
			isa = PBXGroup;
			children = (
				7E9A96A92BD2CF0800469627 /* AuthViewModel.swift */,
			);
			path = ViewModel;
			sourceTree = "<group>";
		};
		7E9A96962BD2C6E000469627 /* Auth */ = {
			isa = PBXGroup;
			children = (
				7E9A96B92BD2F26C00469627 /* Helpers */,
				7E9A96952BD2C6BC00469627 /* ViewModel */,
				7E9A96942BD2C6B700469627 /* View */,
			);
			path = Auth;
			sourceTree = "<group>";
		};
		7E9A96972BD2C6EB00469627 /* Resources */ = {
			isa = PBXGroup;
			children = (
				7E9A968C2BD2C50900469627 /* Info.plist */,
				7E9A96872BD2C50900469627 /* Assets.xcassets */,
				7E9A96982BD2C6FA00469627 /* Constants.swift */,
			);
			path = Resources;
			sourceTree = "<group>";
		};
		7E9A969A2BD2C88300469627 /* Database */ = {
			isa = PBXGroup;
			children = (
			);
			path = Database;
			sourceTree = "<group>";
		};
		7E9A969B2BD2C88B00469627 /* Sevices */ = {
			isa = PBXGroup;
			children = (
				7E9A969E2BD2C8B100469627 /* Coordinator */,
			);
			path = Sevices;
			sourceTree = "<group>";
		};
		7E9A969C2BD2C89300469627 /* Networking */ = {
			isa = PBXGroup;
			children = (
				7E9A96D92BD3F6FF00469627 /* Networking.swift */,
				7E9A96DB2BD3F74C00469627 /* Endpoint.swift */,
				7E9A96DD2BD3FC5500469627 /* Networking + Auth.swift */,
			);
			path = Networking;
			sourceTree = "<group>";
		};
		7E9A969E2BD2C8B100469627 /* Coordinator */ = {
			isa = PBXGroup;
			children = (
				7E9A969F2BD2C8BF00469627 /* AppCoordinator.swift */,
			);
			path = Coordinator;
			sourceTree = "<group>";
		};
		7E9A96A12BD2CD6500469627 /* Home */ = {
			isa = PBXGroup;
			children = (
				7E9A96CD2BD38E4200469627 /* Helpers */,
				7E9A96A32BD2CD6F00469627 /* ViewModel */,
				7E9A96A22BD2CD6A00469627 /* View */,
			);
			path = Home;
			sourceTree = "<group>";
		};
		7E9A96A22BD2CD6A00469627 /* View */ = {
			isa = PBXGroup;
			children = (
				7E9A96A42BD2CD8C00469627 /* HomeViewController.swift */,
			);
			path = View;
			sourceTree = "<group>";
		};
		7E9A96A32BD2CD6F00469627 /* ViewModel */ = {
			isa = PBXGroup;
			children = (
				7E9A96A62BD2CD9F00469627 /* HomeViewModel.swift */,
			);
			path = ViewModel;
			sourceTree = "<group>";
		};
		7E9A96AD2BD2D9EE00469627 /* Common */ = {
			isa = PBXGroup;
			children = (
				7E9A96B02BD2DA5A00469627 /* EditText.xib */,
				7E9A96AE2BD2D9FB00469627 /* EditText.swift */,
				7E9A96BE2BD3038400469627 /* RadialGradientView.swift */,
			);
			path = Common;
			sourceTree = "<group>";
		};
		7E9A96B22BD2DE2000469627 /* Extensions */ = {
			isa = PBXGroup;
			children = (
				7E9A96B32BD2DEAC00469627 /* TextField + ext.swift */,
				7E9A96B52BD2E01400469627 /* String + ext.swift */,
				7E9A96B72BD2E04A00469627 /* View + ext.swift */,
			);
			path = Extensions;
			sourceTree = "<group>";
		};
		7E9A96B92BD2F26C00469627 /* Helpers */ = {
			isa = PBXGroup;
			children = (
				7E9A96BA2BD2F29800469627 /* LoginView.swift */,
				7E9A96BC2BD2FA6F00469627 /* RegisterView.swift */,
			);
			path = Helpers;
			sourceTree = "<group>";
		};
		7E9A96C22BD3306100469627 /* AddMember */ = {
			isa = PBXGroup;
			children = (
				7E9A96C62BD330B000469627 /* ViewModel */,
				7E9A96C52BD330AA00469627 /* View */,
			);
			path = AddMember;
			sourceTree = "<group>";
		};
		7E9A96C52BD330AA00469627 /* View */ = {
			isa = PBXGroup;
			children = (
				7E9A96C32BD3307000469627 /* AddMemberViewController.swift */,
			);
			path = View;
			sourceTree = "<group>";
		};
		7E9A96C62BD330B000469627 /* ViewModel */ = {
			isa = PBXGroup;
			children = (
				7E9A96C72BD330C200469627 /* AddMemberViewModel.swift */,
			);
			path = ViewModel;
			sourceTree = "<group>";
		};
		7E9A96C92BD340F400469627 /* Models */ = {
			isa = PBXGroup;
			children = (
			);
			path = Models;
			sourceTree = "<group>";
		};
		7E9A96CD2BD38E4200469627 /* Helpers */ = {
			isa = PBXGroup;
			children = (
				7E9A96CE2BD38E5300469627 /* ImageCell.swift */,
				7E9A96D02BD3A48100469627 /* StackFlowLayout.swift */,
			);
			path = Helpers;
			sourceTree = "<group>";
		};
		7E9A96D22BD3BF8B00469627 /* TeamProfile */ = {
			isa = PBXGroup;
			children = (
				7E9A96D42BD3BF9700469627 /* ViewModel */,
				7E9A96D32BD3BF9200469627 /* View */,
			);
			path = TeamProfile;
			sourceTree = "<group>";
		};
		7E9A96D32BD3BF9200469627 /* View */ = {
			isa = PBXGroup;
			children = (
				7E9A96D52BD3BFA900469627 /* TeamProfileViewController.swift */,
			);
			path = View;
			sourceTree = "<group>";
		};
		7E9A96D42BD3BF9700469627 /* ViewModel */ = {
			isa = PBXGroup;
			children = (
				7E9A96D72BD3BFCE00469627 /* TeamProfileViewModel.swift */,
			);
			path = ViewModel;
			sourceTree = "<group>";
		};
		C91A26730477F177A36DED8A /* Pods */ = {
			isa = PBXGroup;
			children = (
				01EF41C1BDC23BD892481FD4 /* Pods-Hackathon2024.debug.xcconfig */,
				AE1FCFCEBC614618CD022360 /* Pods-Hackathon2024.release.xcconfig */,
			);
			path = Pods;
			sourceTree = "<group>";
		};
/* End PBXGroup section */

/* Begin PBXNativeTarget section */
		7E9A967A2BD2C50700469627 /* Hackathon2024 */ = {
			isa = PBXNativeTarget;
			buildConfigurationList = 7E9A968F2BD2C50900469627 /* Build configuration list for PBXNativeTarget "Hackathon2024" */;
			buildPhases = (
				E70103C668746A2957066242 /* [CP] Check Pods Manifest.lock */,
				7E9A96772BD2C50700469627 /* Sources */,
				7E9A96782BD2C50700469627 /* Frameworks */,
				7E9A96792BD2C50700469627 /* Resources */,
				CB93E54BF211687896282FA1 /* [CP] Copy Pods Resources */,
			);
			buildRules = (
			);
			dependencies = (
			);
			name = Hackathon2024;
			productName = Hackathon2024;
			productReference = 7E9A967B2BD2C50700469627 /* Hackathon2024.app */;
			productType = "com.apple.product-type.application";
		};
/* End PBXNativeTarget section */

/* Begin PBXProject section */
		7E9A96732BD2C50700469627 /* Project object */ = {
			isa = PBXProject;
			attributes = {
				BuildIndependentTargetsInParallel = 1;
				LastSwiftUpdateCheck = 1420;
				LastUpgradeCheck = 1420;
				TargetAttributes = {
					7E9A967A2BD2C50700469627 = {
						CreatedOnToolsVersion = 14.2;
					};
				};
			};
			buildConfigurationList = 7E9A96762BD2C50700469627 /* Build configuration list for PBXProject "Hackathon2024" */;
			compatibilityVersion = "Xcode 14.0";
			developmentRegion = en;
			hasScannedForEncodings = 0;
			knownRegions = (
				en,
				Base,
			);
			mainGroup = 7E9A96722BD2C50700469627;
			productRefGroup = 7E9A967C2BD2C50700469627 /* Products */;
			projectDirPath = "";
			projectRoot = "";
			targets = (
				7E9A967A2BD2C50700469627 /* Hackathon2024 */,
			);
		};
/* End PBXProject section */

/* Begin PBXResourcesBuildPhase section */
		7E9A96792BD2C50700469627 /* Resources */ = {
			isa = PBXResourcesBuildPhase;
			buildActionMask = 2147483647;
			files = (
				7E9A96B12BD2DA5A00469627 /* EditText.xib in Resources */,
				7E9A96882BD2C50900469627 /* Assets.xcassets in Resources */,
			);
			runOnlyForDeploymentPostprocessing = 0;
		};
/* End PBXResourcesBuildPhase section */

/* Begin PBXShellScriptBuildPhase section */
		CB93E54BF211687896282FA1 /* [CP] Copy Pods Resources */ = {
			isa = PBXShellScriptBuildPhase;
			buildActionMask = 2147483647;
			files = (
			);
			inputFileListPaths = (
				"${PODS_ROOT}/Target Support Files/Pods-Hackathon2024/Pods-Hackathon2024-resources-${CONFIGURATION}-input-files.xcfilelist",
			);
			name = "[CP] Copy Pods Resources";
			outputFileListPaths = (
				"${PODS_ROOT}/Target Support Files/Pods-Hackathon2024/Pods-Hackathon2024-resources-${CONFIGURATION}-output-files.xcfilelist",
			);
			runOnlyForDeploymentPostprocessing = 0;
			shellPath = /bin/sh;
			shellScript = "\"${PODS_ROOT}/Target Support Files/Pods-Hackathon2024/Pods-Hackathon2024-resources.sh\"\n";
			showEnvVarsInLog = 0;
		};
		E70103C668746A2957066242 /* [CP] Check Pods Manifest.lock */ = {
			isa = PBXShellScriptBuildPhase;
			buildActionMask = 2147483647;
			files = (
			);
			inputFileListPaths = (
			);
			inputPaths = (
				"${PODS_PODFILE_DIR_PATH}/Podfile.lock",
				"${PODS_ROOT}/Manifest.lock",
			);
			name = "[CP] Check Pods Manifest.lock";
			outputFileListPaths = (
			);
			outputPaths = (
				"$(DERIVED_FILE_DIR)/Pods-Hackathon2024-checkManifestLockResult.txt",
			);
			runOnlyForDeploymentPostprocessing = 0;
			shellPath = /bin/sh;
			shellScript = "diff \"${PODS_PODFILE_DIR_PATH}/Podfile.lock\" \"${PODS_ROOT}/Manifest.lock\" > /dev/null\nif [ $? != 0 ] ; then\n    # print error to STDERR\n    echo \"error: The sandbox is not in sync with the Podfile.lock. Run 'pod install' or update your CocoaPods installation.\" >&2\n    exit 1\nfi\n# This output is used by Xcode 'outputs' to avoid re-running this script phase.\necho \"SUCCESS\" > \"${SCRIPT_OUTPUT_FILE_0}\"\n";
			showEnvVarsInLog = 0;
		};
/* End PBXShellScriptBuildPhase section */

/* Begin PBXSourcesBuildPhase section */
		7E9A96772BD2C50700469627 /* Sources */ = {
			isa = PBXSourcesBuildPhase;
			buildActionMask = 2147483647;
			files = (
				7E9A96832BD2C50700469627 /* AuthViewController.swift in Sources */,
				7E9A96AC2BD2D1AF00469627 /* Sample.swift in Sources */,
				7E9A96BB2BD2F29800469627 /* LoginView.swift in Sources */,
				7E9A96CF2BD38E5300469627 /* ImageCell.swift in Sources */,
				7E9A967F2BD2C50700469627 /* AppDelegate.swift in Sources */,
				7E9A96C42BD3307000469627 /* AddMemberViewController.swift in Sources */,
				7E9A96B42BD2DEAC00469627 /* TextField + ext.swift in Sources */,
				7E9A96DA2BD3F6FF00469627 /* Networking.swift in Sources */,
				7E9A96C82BD330C200469627 /* AddMemberViewModel.swift in Sources */,
				7E9A96A72BD2CD9F00469627 /* HomeViewModel.swift in Sources */,
				7E9A96DC2BD3F74C00469627 /* Endpoint.swift in Sources */,
				7E9A96DE2BD3FC5500469627 /* Networking + Auth.swift in Sources */,
				7E9A96BD2BD2FA6F00469627 /* RegisterView.swift in Sources */,
				7E9A96AF2BD2D9FB00469627 /* EditText.swift in Sources */,
				7E9A96A02BD2C8BF00469627 /* AppCoordinator.swift in Sources */,
				7E9A96BF2BD3038400469627 /* RadialGradientView.swift in Sources */,
				7E9A96AA2BD2CF0800469627 /* AuthViewModel.swift in Sources */,
				7E9A96B62BD2E01400469627 /* String + ext.swift in Sources */,
				7E9A96812BD2C50700469627 /* SceneDelegate.swift in Sources */,
				7E9A96D12BD3A48100469627 /* StackFlowLayout.swift in Sources */,
				7E9A96992BD2C6FA00469627 /* Constants.swift in Sources */,
				7E9A96A52BD2CD8C00469627 /* HomeViewController.swift in Sources */,
				7E9A96D82BD3BFCE00469627 /* TeamProfileViewModel.swift in Sources */,
				7E9A96D62BD3BFAA00469627 /* TeamProfileViewController.swift in Sources */,
				7E9A96B82BD2E04A00469627 /* View + ext.swift in Sources */,
			);
			runOnlyForDeploymentPostprocessing = 0;
		};
/* End PBXSourcesBuildPhase section */

/* Begin XCBuildConfiguration section */
		7E9A968D2BD2C50900469627 /* Debug */ = {
			isa = XCBuildConfiguration;
			buildSettings = {
				ALWAYS_SEARCH_USER_PATHS = NO;
				CLANG_ANALYZER_NONNULL = YES;
				CLANG_ANALYZER_NUMBER_OBJECT_CONVERSION = YES_AGGRESSIVE;
				CLANG_CXX_LANGUAGE_STANDARD = "gnu++20";
				CLANG_ENABLE_MODULES = YES;
				CLANG_ENABLE_OBJC_ARC = YES;
				CLANG_ENABLE_OBJC_WEAK = YES;
				CLANG_WARN_BLOCK_CAPTURE_AUTORELEASING = YES;
				CLANG_WARN_BOOL_CONVERSION = YES;
				CLANG_WARN_COMMA = YES;
				CLANG_WARN_CONSTANT_CONVERSION = YES;
				CLANG_WARN_DEPRECATED_OBJC_IMPLEMENTATIONS = YES;
				CLANG_WARN_DIRECT_OBJC_ISA_USAGE = YES_ERROR;
				CLANG_WARN_DOCUMENTATION_COMMENTS = YES;
				CLANG_WARN_EMPTY_BODY = YES;
				CLANG_WARN_ENUM_CONVERSION = YES;
				CLANG_WARN_INFINITE_RECURSION = YES;
				CLANG_WARN_INT_CONVERSION = YES;
				CLANG_WARN_NON_LITERAL_NULL_CONVERSION = YES;
				CLANG_WARN_OBJC_IMPLICIT_RETAIN_SELF = YES;
				CLANG_WARN_OBJC_LITERAL_CONVERSION = YES;
				CLANG_WARN_OBJC_ROOT_CLASS = YES_ERROR;
				CLANG_WARN_QUOTED_INCLUDE_IN_FRAMEWORK_HEADER = YES;
				CLANG_WARN_RANGE_LOOP_ANALYSIS = YES;
				CLANG_WARN_STRICT_PROTOTYPES = YES;
				CLANG_WARN_SUSPICIOUS_MOVE = YES;
				CLANG_WARN_UNGUARDED_AVAILABILITY = YES_AGGRESSIVE;
				CLANG_WARN_UNREACHABLE_CODE = YES;
				CLANG_WARN__DUPLICATE_METHOD_MATCH = YES;
				COPY_PHASE_STRIP = NO;
				DEBUG_INFORMATION_FORMAT = dwarf;
				ENABLE_STRICT_OBJC_MSGSEND = YES;
				ENABLE_TESTABILITY = YES;
				GCC_C_LANGUAGE_STANDARD = gnu11;
				GCC_DYNAMIC_NO_PIC = NO;
				GCC_NO_COMMON_BLOCKS = YES;
				GCC_OPTIMIZATION_LEVEL = 0;
				GCC_PREPROCESSOR_DEFINITIONS = (
					"DEBUG=1",
					"$(inherited)",
				);
				GCC_WARN_64_TO_32_BIT_CONVERSION = YES;
				GCC_WARN_ABOUT_RETURN_TYPE = YES_ERROR;
				GCC_WARN_UNDECLARED_SELECTOR = YES;
				GCC_WARN_UNINITIALIZED_AUTOS = YES_AGGRESSIVE;
				GCC_WARN_UNUSED_FUNCTION = YES;
				GCC_WARN_UNUSED_VARIABLE = YES;
				IPHONEOS_DEPLOYMENT_TARGET = 15.0;
				MTL_ENABLE_DEBUG_INFO = INCLUDE_SOURCE;
				MTL_FAST_MATH = YES;
				ONLY_ACTIVE_ARCH = YES;
				SDKROOT = iphoneos;
				SWIFT_ACTIVE_COMPILATION_CONDITIONS = DEBUG;
				SWIFT_OPTIMIZATION_LEVEL = "-Onone";
			};
			name = Debug;
		};
		7E9A968E2BD2C50900469627 /* Release */ = {
			isa = XCBuildConfiguration;
			buildSettings = {
				ALWAYS_SEARCH_USER_PATHS = NO;
				CLANG_ANALYZER_NONNULL = YES;
				CLANG_ANALYZER_NUMBER_OBJECT_CONVERSION = YES_AGGRESSIVE;
				CLANG_CXX_LANGUAGE_STANDARD = "gnu++20";
				CLANG_ENABLE_MODULES = YES;
				CLANG_ENABLE_OBJC_ARC = YES;
				CLANG_ENABLE_OBJC_WEAK = YES;
				CLANG_WARN_BLOCK_CAPTURE_AUTORELEASING = YES;
				CLANG_WARN_BOOL_CONVERSION = YES;
				CLANG_WARN_COMMA = YES;
				CLANG_WARN_CONSTANT_CONVERSION = YES;
				CLANG_WARN_DEPRECATED_OBJC_IMPLEMENTATIONS = YES;
				CLANG_WARN_DIRECT_OBJC_ISA_USAGE = YES_ERROR;
				CLANG_WARN_DOCUMENTATION_COMMENTS = YES;
				CLANG_WARN_EMPTY_BODY = YES;
				CLANG_WARN_ENUM_CONVERSION = YES;
				CLANG_WARN_INFINITE_RECURSION = YES;
				CLANG_WARN_INT_CONVERSION = YES;
				CLANG_WARN_NON_LITERAL_NULL_CONVERSION = YES;
				CLANG_WARN_OBJC_IMPLICIT_RETAIN_SELF = YES;
				CLANG_WARN_OBJC_LITERAL_CONVERSION = YES;
				CLANG_WARN_OBJC_ROOT_CLASS = YES_ERROR;
				CLANG_WARN_QUOTED_INCLUDE_IN_FRAMEWORK_HEADER = YES;
				CLANG_WARN_RANGE_LOOP_ANALYSIS = YES;
				CLANG_WARN_STRICT_PROTOTYPES = YES;
				CLANG_WARN_SUSPICIOUS_MOVE = YES;
				CLANG_WARN_UNGUARDED_AVAILABILITY = YES_AGGRESSIVE;
				CLANG_WARN_UNREACHABLE_CODE = YES;
				CLANG_WARN__DUPLICATE_METHOD_MATCH = YES;
				COPY_PHASE_STRIP = NO;
				DEBUG_INFORMATION_FORMAT = "dwarf-with-dsym";
				ENABLE_NS_ASSERTIONS = NO;
				ENABLE_STRICT_OBJC_MSGSEND = YES;
				GCC_C_LANGUAGE_STANDARD = gnu11;
				GCC_NO_COMMON_BLOCKS = YES;
				GCC_WARN_64_TO_32_BIT_CONVERSION = YES;
				GCC_WARN_ABOUT_RETURN_TYPE = YES_ERROR;
				GCC_WARN_UNDECLARED_SELECTOR = YES;
				GCC_WARN_UNINITIALIZED_AUTOS = YES_AGGRESSIVE;
				GCC_WARN_UNUSED_FUNCTION = YES;
				GCC_WARN_UNUSED_VARIABLE = YES;
				IPHONEOS_DEPLOYMENT_TARGET = 15.0;
				MTL_ENABLE_DEBUG_INFO = NO;
				MTL_FAST_MATH = YES;
				SDKROOT = iphoneos;
				SWIFT_COMPILATION_MODE = wholemodule;
				SWIFT_OPTIMIZATION_LEVEL = "-O";
				VALIDATE_PRODUCT = YES;
			};
			name = Release;
		};
		7E9A96902BD2C50900469627 /* Debug */ = {
			isa = XCBuildConfiguration;
			baseConfigurationReference = 01EF41C1BDC23BD892481FD4 /* Pods-Hackathon2024.debug.xcconfig */;
			buildSettings = {
				ASSETCATALOG_COMPILER_APPICON_NAME = AppIcon;
				ASSETCATALOG_COMPILER_GLOBAL_ACCENT_COLOR_NAME = AccentColor;
				CODE_SIGN_STYLE = Automatic;
				CURRENT_PROJECT_VERSION = 1;
				DEVELOPMENT_TEAM = QD73KFZ8JY;
				GENERATE_INFOPLIST_FILE = YES;
				INFOPLIST_FILE = Hackathon2024/Resources/Info.plist;
				INFOPLIST_KEY_UIApplicationSupportsIndirectInputEvents = YES;
				INFOPLIST_KEY_UILaunchStoryboardName = LaunchScreen;
				INFOPLIST_KEY_UISupportedInterfaceOrientations_iPad = "UIInterfaceOrientationPortrait UIInterfaceOrientationPortraitUpsideDown UIInterfaceOrientationLandscapeLeft UIInterfaceOrientationLandscapeRight";
				INFOPLIST_KEY_UISupportedInterfaceOrientations_iPhone = "UIInterfaceOrientationPortrait UIInterfaceOrientationLandscapeLeft UIInterfaceOrientationLandscapeRight";
				LD_RUNPATH_SEARCH_PATHS = (
					"$(inherited)",
					"@executable_path/Frameworks",
				);
				MARKETING_VERSION = 1.0;
				PRODUCT_BUNDLE_IDENTIFIER = com.id.hackathon2024;
				PRODUCT_NAME = "$(TARGET_NAME)";
				SWIFT_EMIT_LOC_STRINGS = YES;
				SWIFT_VERSION = 5.0;
				TARGETED_DEVICE_FAMILY = "1,2";
			};
			name = Debug;
		};
		7E9A96912BD2C50900469627 /* Release */ = {
			isa = XCBuildConfiguration;
			baseConfigurationReference = AE1FCFCEBC614618CD022360 /* Pods-Hackathon2024.release.xcconfig */;
			buildSettings = {
				ASSETCATALOG_COMPILER_APPICON_NAME = AppIcon;
				ASSETCATALOG_COMPILER_GLOBAL_ACCENT_COLOR_NAME = AccentColor;
				CODE_SIGN_STYLE = Automatic;
				CURRENT_PROJECT_VERSION = 1;
				DEVELOPMENT_TEAM = QD73KFZ8JY;
				GENERATE_INFOPLIST_FILE = YES;
				INFOPLIST_FILE = Hackathon2024/Resources/Info.plist;
				INFOPLIST_KEY_UIApplicationSupportsIndirectInputEvents = YES;
				INFOPLIST_KEY_UILaunchStoryboardName = LaunchScreen;
				INFOPLIST_KEY_UISupportedInterfaceOrientations_iPad = "UIInterfaceOrientationPortrait UIInterfaceOrientationPortraitUpsideDown UIInterfaceOrientationLandscapeLeft UIInterfaceOrientationLandscapeRight";
				INFOPLIST_KEY_UISupportedInterfaceOrientations_iPhone = "UIInterfaceOrientationPortrait UIInterfaceOrientationLandscapeLeft UIInterfaceOrientationLandscapeRight";
				LD_RUNPATH_SEARCH_PATHS = (
					"$(inherited)",
					"@executable_path/Frameworks",
				);
				MARKETING_VERSION = 1.0;
				PRODUCT_BUNDLE_IDENTIFIER = com.id.hackathon2024;
				PRODUCT_NAME = "$(TARGET_NAME)";
				SWIFT_EMIT_LOC_STRINGS = YES;
				SWIFT_VERSION = 5.0;
				TARGETED_DEVICE_FAMILY = "1,2";
			};
			name = Release;
		};
/* End XCBuildConfiguration section */

/* Begin XCConfigurationList section */
		7E9A96762BD2C50700469627 /* Build configuration list for PBXProject "Hackathon2024" */ = {
			isa = XCConfigurationList;
			buildConfigurations = (
				7E9A968D2BD2C50900469627 /* Debug */,
				7E9A968E2BD2C50900469627 /* Release */,
			);
			defaultConfigurationIsVisible = 0;
			defaultConfigurationName = Release;
		};
		7E9A968F2BD2C50900469627 /* Build configuration list for PBXNativeTarget "Hackathon2024" */ = {
			isa = XCConfigurationList;
			buildConfigurations = (
				7E9A96902BD2C50900469627 /* Debug */,
				7E9A96912BD2C50900469627 /* Release */,
			);
			defaultConfigurationIsVisible = 0;
			defaultConfigurationName = Release;
		};
/* End XCConfigurationList section */
	};
	rootObject = 7E9A96732BD2C50700469627 /* Project object */;
}
